{
    "_meta": {
        "hash": {
            "sha256": "bc6d7c211649615935a71b044941512dd5770f99f51e4eaaad78aeb3f690051d"
        },
        "pipfile-spec": 6,
        "requires": {
            "python_version": "3.7"
        },
        "sources": [
            {
                "name": "pypi",
                "url": "https://pypi.org/simple",
                "verify_ssl": true
            }
        ]
    },
    "default": {
        "django": {
            "hashes": [
                "sha256:a3b01cdff845a43830d7ccacff55e0b8ff08305a4cbf894517a686e53ba3ad2d",
                "sha256:b33ce35f47f745fea6b5aa3cf3f4241069803a3712d423ac748bd673a39741eb"
            ],
            "index": "pypi",
            "version": "==1.11.28"
        },
        "pytz": {
            "hashes": [
                "sha256:1c557d7d0e871de1f5ccd5833f60fb2550652da6be2693c1e02300743d21500d",
                "sha256:b02c06db6cf09c12dd25137e563b31700d3b80fcc4ad23abb7a315f2789819be"
            ],
            "version": "==2019.3"
        },
        "selenium": {
            "hashes": [
                "sha256:5071f43daa2e698d60d5633ab0a6630cc68a852b360be99144f1c4c1ace2746c",
                "sha256:f507181f13768d73b98dd9647a466ea5758ef5c7f07b62a285d2bd8de9b27016"
            ],
            "index": "pypi",
            "version": "==2.53.6"
        }
    },
    "develop": {}
}
